PODS:
  - Petstore (0.0.1)

DEPENDENCIES:
  - Petstore (from `./Examples/Petstore/Petstore.podspec`)

EXTERNAL SOURCES:
  Petstore:
    :path: "./Examples/Petstore/Petstore.podspec"

SPEC CHECKSUMS:
  Petstore: ec706bff33363b3c258b0876db2af164d2b0ff8d

PODFILE CHECKSUM: 6b84d074caed2adcec012db690d8a04e8e833c39

COCOAPODS: 1.7.0.beta.3
