// !$*UTF8*$!
{
	archiveVersion = 1;
	classes = {
	};
	objectVersion = 51;
	objects = {

/* Begin PBXBuildFile section */
		1463BA90223E23F800570758 /* RequestProvider.swift in Sources */ = {isa = PBXBuildFile; fileRef = 1463BA8F223E23F800570758 /* RequestProvider.swift */; };
		1463BA94223E262C00570758 /* Logger.swift in Sources */ = {isa = PBXBuildFile; fileRef = 1463BA93223E262C00570758 /* Logger.swift */; };
		14847E602212054200478D45 /* Authenticator.swift in Sources */ = {isa = PBXBuildFile; fileRef = 14847E5F2212054200478D45 /* Authenticator.swift */; };
		14DDC19F21F4B5DD006E01E8 /* APIClient.framework in Frameworks */ = {isa = PBXBuildFile; fileRef = 14DDC19521F4B5DD006E01E8 /* APIClient.framework */; };
		14DDC1A421F4B5DD006E01E8 /* APIClientTests.swift in Sources */ = {isa = PBXBuildFile; fileRef = 14DDC1A321F4B5DD006E01E8 /* APIClientTests.swift */; };
		14DDC1A621F4B5DD006E01E8 /* APIClient.h in Headers */ = {isa = PBXBuildFile; fileRef = 14DDC19821F4B5DD006E01E8 /* APIClient.h */; settings = {ATTRIBUTES = (Public, ); }; };
		14DDC1B021F4B711006E01E8 /* Client.swift in Sources */ = {isa = PBXBuildFile; fileRef = 14DDC1AF21F4B711006E01E8 /* Client.swift */; };
		14DDC1B221F4B735006E01E8 /* Interceptor.swift in Sources */ = {isa = PBXBuildFile; fileRef = 14DDC1B121F4B735006E01E8 /* Interceptor.swift */; };
		14DDC1B421F4B769006E01E8 /* Request.swift in Sources */ = {isa = PBXBuildFile; fileRef = 14DDC1B321F4B769006E01E8 /* Request.swift */; };
		14DDC1B621F4B795006E01E8 /* Response.swift in Sources */ = {isa = PBXBuildFile; fileRef = 14DDC1B521F4B795006E01E8 /* Response.swift */; };
		14E0CC8F2236C607004B1407 /* Configuration.swift in Sources */ = {isa = PBXBuildFile; fileRef = 14E0CC8E2236C607004B1407 /* Configuration.swift */; };
		54849B4974998EC222D926EE /* Pods_APIClientTests.framework in Frameworks */ = {isa = PBXBuildFile; fileRef = C6C213BABCC3B2BE09FFECFD /* Pods_APIClientTests.framework */; };
/* End PBXBuildFile section */

/* Begin PBXContainerItemProxy section */
		14DDC1A021F4B5DD006E01E8 /* PBXContainerItemProxy */ = {
			isa = PBXContainerItemProxy;
			containerPortal = 14DDC18C21F4B5DD006E01E8 /* Project object */;
			proxyType = 1;
			remoteGlobalIDString = 14DDC19421F4B5DD006E01E8;
			remoteInfo = APIClient;
		};
/* End PBXContainerItemProxy section */

/* Begin PBXFileReference section */
		14153249225A2AB500C74C18 /* APIClient-Debug.xcconfig */ = {isa = PBXFileReference; lastKnownFileType = text.xcconfig; path = "APIClient-Debug.xcconfig"; sourceTree = "<group>"; };
		1415324A225A2AB500C74C18 /* Project-Debug.xcconfig */ = {isa = PBXFileReference; lastKnownFileType = text.xcconfig; path = "Project-Debug.xcconfig"; sourceTree = "<group>"; };
		1415324B225A2AB500C74C18 /* APIClient-Release.xcconfig */ = {isa = PBXFileReference; lastKnownFileType = text.xcconfig; path = "APIClient-Release.xcconfig"; sourceTree = "<group>"; };
		1415324C225A2AB500C74C18 /* Project-Release.xcconfig */ = {isa = PBXFileReference; lastKnownFileType = text.xcconfig; path = "Project-Release.xcconfig"; sourceTree = "<group>"; };
		1415324E225A2AB500C74C18 /* Project-Shared.xcconfig */ = {isa = PBXFileReference; lastKnownFileType = text.xcconfig; path = "Project-Shared.xcconfig"; sourceTree = "<group>"; };
		14153251225A2AB500C74C18 /* APIClient-Shared.xcconfig */ = {isa = PBXFileReference; lastKnownFileType = text.xcconfig; path = "APIClient-Shared.xcconfig"; sourceTree = "<group>"; };
		1463BA8F223E23F800570758 /* RequestProvider.swift */ = {isa = PBXFileReference; fileEncoding = 4; lastKnownFileType = sourcecode.swift; path = RequestProvider.swift; sourceTree = "<group>"; };
		1463BA93223E262C00570758 /* Logger.swift */ = {isa = PBXFileReference; fileEncoding = 4; lastKnownFileType = sourcecode.swift; path = Logger.swift; sourceTree = "<group>"; };
		14847E5F2212054200478D45 /* Authenticator.swift */ = {isa = PBXFileReference; lastKnownFileType = sourcecode.swift; path = Authenticator.swift; sourceTree = "<group>"; };
		14DDC19521F4B5DD006E01E8 /* APIClient.framework */ = {isa = PBXFileReference; explicitFileType = wrapper.framework; includeInIndex = 0; path = APIClient.framework; sourceTree = BUILT_PRODUCTS_DIR; };
		14DDC19821F4B5DD006E01E8 /* APIClient.h */ = {isa = PBXFileReference; lastKnownFileType = sourcecode.c.h; path = APIClient.h; sourceTree = "<group>"; };
		14DDC19921F4B5DD006E01E8 /* Info.plist */ = {isa = PBXFileReference; lastKnownFileType = text.plist.xml; path = Info.plist; sourceTree = "<group>"; };
		14DDC19E21F4B5DD006E01E8 /* APIClientTests.xctest */ = {isa = PBXFileReference; explicitFileType = wrapper.cfbundle; includeInIndex = 0; path = APIClientTests.xctest; sourceTree = BUILT_PRODUCTS_DIR; };
		14DDC1A321F4B5DD006E01E8 /* APIClientTests.swift */ = {isa = PBXFileReference; lastKnownFileType = sourcecode.swift; path = APIClientTests.swift; sourceTree = "<group>"; };
		14DDC1A521F4B5DD006E01E8 /* Info.plist */ = {isa = PBXFileReference; lastKnownFileType = text.plist.xml; path = Info.plist; sourceTree = "<group>"; };
		14DDC1AF21F4B711006E01E8 /* Client.swift */ = {isa = PBXFileReference; lastKnownFileType = sourcecode.swift; path = Client.swift; sourceTree = "<group>"; };
		14DDC1B121F4B735006E01E8 /* Interceptor.swift */ = {isa = PBXFileReference; lastKnownFileType = sourcecode.swift; path = Interceptor.swift; sourceTree = "<group>"; };
		14DDC1B321F4B769006E01E8 /* Request.swift */ = {isa = PBXFileReference; lastKnownFileType = sourcecode.swift; path = Request.swift; sourceTree = "<group>"; };
		14DDC1B521F4B795006E01E8 /* Response.swift */ = {isa = PBXFileReference; lastKnownFileType = sourcecode.swift; path = Response.swift; sourceTree = "<group>"; };
		14E0CC8E2236C607004B1407 /* Configuration.swift */ = {isa = PBXFileReference; lastKnownFileType = sourcecode.swift; path = Configuration.swift; sourceTree = "<group>"; };
		302E53B0AF86FC2C69D769FE /* Pods-APIClientTests.debug.xcconfig */ = {isa = PBXFileReference; includeInIndex = 1; lastKnownFileType = text.xcconfig; name = "Pods-APIClientTests.debug.xcconfig"; path = "Target Support Files/Pods-APIClientTests/Pods-APIClientTests.debug.xcconfig"; sourceTree = "<group>"; };
		6A9D066F7BC17CEE256AA3D8 /* Pods-APIClient.release.xcconfig */ = {isa = PBXFileReference; includeInIndex = 1; lastKnownFileType = text.xcconfig; name = "Pods-APIClient.release.xcconfig"; path = "Target Support Files/Pods-APIClient/Pods-APIClient.release.xcconfig"; sourceTree = "<group>"; };
		AFD47B4D9F068747B95003C9 /* Pods-APIClient.debug.xcconfig */ = {isa = PBXFileReference; includeInIndex = 1; lastKnownFileType = text.xcconfig; name = "Pods-APIClient.debug.xcconfig"; path = "Target Support Files/Pods-APIClient/Pods-APIClient.debug.xcconfig"; sourceTree = "<group>"; };
		BDE650F9478F1706A1049F6D /* Pods_APIClient.framework */ = {isa = PBXFileReference; explicitFileType = wrapper.framework; includeInIndex = 0; path = Pods_APIClient.framework; sourceTree = BUILT_PRODUCTS_DIR; };
		C6C213BABCC3B2BE09FFECFD /* Pods_APIClientTests.framework */ = {isa = PBXFileReference; explicitFileType = wrapper.framework; includeInIndex = 0; path = Pods_APIClientTests.framework; sourceTree = BUILT_PRODUCTS_DIR; };
		C95844A3A6872810B3BD654F /* Pods-APIClientTests.release.xcconfig */ = {isa = PBXFileReference; includeInIndex = 1; lastKnownFileType = text.xcconfig; name = "Pods-APIClientTests.release.xcconfig"; path = "Target Support Files/Pods-APIClientTests/Pods-APIClientTests.release.xcconfig"; sourceTree = "<group>"; };
/* End PBXFileReference section */

/* Begin PBXFrameworksBuildPhase section */
		14DDC19221F4B5DD006E01E8 /* Frameworks */ = {
			isa = PBXFrameworksBuildPhase;
			buildActionMask = 2147483647;
			files = (
			);
			runOnlyForDeploymentPostprocessing = 0;
		};
		14DDC19B21F4B5DD006E01E8 /* Frameworks */ = {
			isa = PBXFrameworksBuildPhase;
			buildActionMask = 2147483647;
			files = (
				14DDC19F21F4B5DD006E01E8 /* APIClient.framework in Frameworks */,
				54849B4974998EC222D926EE /* Pods_APIClientTests.framework in Frameworks */,
			);
			runOnlyForDeploymentPostprocessing = 0;
		};
/* End PBXFrameworksBuildPhase section */

/* Begin PBXGroup section */
		14153248225A2A8B00C74C18 /* Configurations */ = {
			isa = PBXGroup;
			children = (
				1415324E225A2AB500C74C18 /* Project-Shared.xcconfig */,
				1415324A225A2AB500C74C18 /* Project-Debug.xcconfig */,
				1415324C225A2AB500C74C18 /* Project-Release.xcconfig */,
				14153251225A2AB500C74C18 /* APIClient-Shared.xcconfig */,
				14153249225A2AB500C74C18 /* APIClient-Debug.xcconfig */,
				1415324B225A2AB500C74C18 /* APIClient-Release.xcconfig */,
			);
			path = Configurations;
			sourceTree = "<group>";
		};
		14509D06239FB8B600AB69C0 /* Sources */ = {
			isa = PBXGroup;
			children = (
				14DDC19721F4B5DD006E01E8 /* APIClient */,
				14DDC19921F4B5DD006E01E8 /* Info.plist */,
			);
			path = Sources;
			sourceTree = "<group>";
		};
		14509D07239FB8D200AB69C0 /* Tests */ = {
			isa = PBXGroup;
			children = (
				14DDC1A221F4B5DD006E01E8 /* APIClientTests */,
				14DDC1A521F4B5DD006E01E8 /* Info.plist */,
			);
			path = Tests;
			sourceTree = "<group>";
		};
		14DDC18B21F4B5DD006E01E8 = {
			isa = PBXGroup;
			children = (
				14509D06239FB8B600AB69C0 /* Sources */,
				14509D07239FB8D200AB69C0 /* Tests */,
				14153248225A2A8B00C74C18 /* Configurations */,
				14DDC19621F4B5DD006E01E8 /* Products */,
				55041E2D4F9F37E8E5658B10 /* Pods */,
				6F4C15C00721136277021A84 /* Frameworks */,
			);
			sourceTree = "<group>";
		};
		14DDC19621F4B5DD006E01E8 /* Products */ = {
			isa = PBXGroup;
			children = (
				14DDC19521F4B5DD006E01E8 /* APIClient.framework */,
				14DDC19E21F4B5DD006E01E8 /* APIClientTests.xctest */,
			);
			name = Products;
			sourceTree = "<group>";
		};
		14DDC19721F4B5DD006E01E8 /* APIClient */ = {
			isa = PBXGroup;
			children = (
				14DDC19821F4B5DD006E01E8 /* APIClient.h */,
				14DDC1AF21F4B711006E01E8 /* Client.swift */,
				14E0CC8E2236C607004B1407 /* Configuration.swift */,
				14DDC1B121F4B735006E01E8 /* Interceptor.swift */,
				14847E5F2212054200478D45 /* Authenticator.swift */,
				14DDC1B321F4B769006E01E8 /* Request.swift */,
				14DDC1B521F4B795006E01E8 /* Response.swift */,
			);
			path = APIClient;
			sourceTree = "<group>";
		};
		14DDC1A221F4B5DD006E01E8 /* APIClientTests */ = {
			isa = PBXGroup;
			children = (
				14DDC1A321F4B5DD006E01E8 /* APIClientTests.swift */,
				1463BA8F223E23F800570758 /* RequestProvider.swift */,
				1463BA93223E262C00570758 /* Logger.swift */,
			);
			path = APIClientTests;
			sourceTree = "<group>";
		};
		55041E2D4F9F37E8E5658B10 /* Pods */ = {
			isa = PBXGroup;
			children = (
				AFD47B4D9F068747B95003C9 /* Pods-APIClient.debug.xcconfig */,
				6A9D066F7BC17CEE256AA3D8 /* Pods-APIClient.release.xcconfig */,
				302E53B0AF86FC2C69D769FE /* Pods-APIClientTests.debug.xcconfig */,
				C95844A3A6872810B3BD654F /* Pods-APIClientTests.release.xcconfig */,
			);
			path = Pods;
			sourceTree = "<group>";
		};
		6F4C15C00721136277021A84 /* Frameworks */ = {
			isa = PBXGroup;
			children = (
				BDE650F9478F1706A1049F6D /* Pods_APIClient.framework */,
				C6C213BABCC3B2BE09FFECFD /* Pods_APIClientTests.framework */,
			);
			name = Frameworks;
			sourceTree = "<group>";
		};
/* End PBXGroup section */

/* Begin PBXHeadersBuildPhase section */
		14DDC19021F4B5DD006E01E8 /* Headers */ = {
			isa = PBXHeadersBuildPhase;
			buildActionMask = 2147483647;
			files = (
				14DDC1A621F4B5DD006E01E8 /* APIClient.h in Headers */,
			);
			runOnlyForDeploymentPostprocessing = 0;
		};
/* End PBXHeadersBuildPhase section */

/* Begin PBXNativeTarget section */
		14DDC19421F4B5DD006E01E8 /* APIClient */ = {
			isa = PBXNativeTarget;
			buildConfigurationList = 14DDC1A921F4B5DD006E01E8 /* Build configuration list for PBXNativeTarget "APIClient" */;
			buildPhases = (
				14DDC19021F4B5DD006E01E8 /* Headers */,
				14DDC19121F4B5DD006E01E8 /* Sources */,
				14DDC19221F4B5DD006E01E8 /* Frameworks */,
				14DDC19321F4B5DD006E01E8 /* Resources */,
			);
			buildRules = (
			);
			dependencies = (
			);
			name = APIClient;
			productName = APIClient;
			productReference = 14DDC19521F4B5DD006E01E8 /* APIClient.framework */;
			productType = "com.apple.product-type.framework";
		};
		14DDC19D21F4B5DD006E01E8 /* APIClientTests */ = {
			isa = PBXNativeTarget;
			buildConfigurationList = 14DDC1AC21F4B5DD006E01E8 /* Build configuration list for PBXNativeTarget "APIClientTests" */;
			buildPhases = (
				B38F147A9731AAD7E4F59CF7 /* [CP] Check Pods Manifest.lock */,
				14DDC19A21F4B5DD006E01E8 /* Sources */,
				14DDC19B21F4B5DD006E01E8 /* Frameworks */,
				14DDC19C21F4B5DD006E01E8 /* Resources */,
				5FA9B360CA638513CE483A55 /* [CP] Embed Pods Frameworks */,
			);
			buildRules = (
			);
			dependencies = (
				14DDC1A121F4B5DD006E01E8 /* PBXTargetDependency */,
			);
			name = APIClientTests;
			productName = APIClientTests;
			productReference = 14DDC19E21F4B5DD006E01E8 /* APIClientTests.xctest */;
			productType = "com.apple.product-type.bundle.unit-test";
		};
/* End PBXNativeTarget section */

/* Begin PBXProject section */
		14DDC18C21F4B5DD006E01E8 /* Project object */ = {
			isa = PBXProject;
			attributes = {
				LastSwiftUpdateCheck = 1010;
				LastUpgradeCheck = 1010;
				ORGANIZATIONNAME = "Kishikawa Katsumi";
				TargetAttributes = {
					14DDC19421F4B5DD006E01E8 = {
						CreatedOnToolsVersion = 10.1;
						LastSwiftMigration = 1020;
					};
					14DDC19D21F4B5DD006E01E8 = {
						CreatedOnToolsVersion = 10.1;
						LastSwiftMigration = 1020;
					};
				};
			};
			buildConfigurationList = 14DDC18F21F4B5DD006E01E8 /* Build configuration list for PBXProject "APIClient" */;
			compatibilityVersion = "Xcode 9.3";
			developmentRegion = en;
			hasScannedForEncodings = 0;
			knownRegions = (
				en,
				Base,
			);
			mainGroup = 14DDC18B21F4B5DD006E01E8;
			productRefGroup = 14DDC19621F4B5DD006E01E8 /* Products */;
			projectDirPath = "";
			projectRoot = "";
			targets = (
				14DDC19421F4B5DD006E01E8 /* APIClient */,
				14DDC19D21F4B5DD006E01E8 /* APIClientTests */,
			);
		};
/* End PBXProject section */

/* Begin PBXResourcesBuildPhase section */
		14DDC19321F4B5DD006E01E8 /* Resources */ = {
			isa = PBXResourcesBuildPhase;
			buildActionMask = 2147483647;
			files = (
			);
			runOnlyForDeploymentPostprocessing = 0;
		};
		14DDC19C21F4B5DD006E01E8 /* Resources */ = {
			isa = PBXResourcesBuildPhase;
			buildActionMask = 2147483647;
			files = (
			);
			runOnlyForDeploymentPostprocessing = 0;
		};
/* End PBXResourcesBuildPhase section */

/* Begin PBXShellScriptBuildPhase section */
		5FA9B360CA638513CE483A55 /* [CP] Embed Pods Frameworks */ = {
			isa = PBXShellScriptBuildPhase;
			buildActionMask = 2147483647;
			files = (
			);
			inputFileListPaths = (
				"${PODS_ROOT}/Target Support Files/Pods-APIClientTests/Pods-APIClientTests-frameworks-${CONFIGURATION}-input-files.xcfilelist",
			);
			name = "[CP] Embed Pods Frameworks";
			outputFileListPaths = (
				"${PODS_ROOT}/Target Support Files/Pods-APIClientTests/Pods-APIClientTests-frameworks-${CONFIGURATION}-output-files.xcfilelist",
			);
			runOnlyForDeploymentPostprocessing = 0;
			shellPath = /bin/sh;
			shellScript = "\"${PODS_ROOT}/Target Support Files/Pods-APIClientTests/Pods-APIClientTests-frameworks.sh\"\n";
			showEnvVarsInLog = 0;
		};
		B38F147A9731AAD7E4F59CF7 /* [CP] Check Pods Manifest.lock */ = {
			isa = PBXShellScriptBuildPhase;
			buildActionMask = 2147483647;
			files = (
			);
			inputFileListPaths = (
			);
			inputPaths = (
				"${PODS_PODFILE_DIR_PATH}/Podfile.lock",
				"${PODS_ROOT}/Manifest.lock",
			);
			name = "[CP] Check Pods Manifest.lock";
			outputFileListPaths = (
			);
			outputPaths = (
				"$(DERIVED_FILE_DIR)/Pods-APIClientTests-checkManifestLockResult.txt",
			);
			runOnlyForDeploymentPostprocessing = 0;
			shellPath = /bin/sh;
			shellScript = "diff \"${PODS_PODFILE_DIR_PATH}/Podfile.lock\" \"${PODS_ROOT}/Manifest.lock\" > /dev/null\nif [ $? != 0 ] ; then\n    # print error to STDERR\n    echo \"error: The sandbox is not in sync with the Podfile.lock. Run 'pod install' or update your CocoaPods installation.\" >&2\n    exit 1\nfi\n# This output is used by Xcode 'outputs' to avoid re-running this script phase.\necho \"SUCCESS\" > \"${SCRIPT_OUTPUT_FILE_0}\"\n";
			showEnvVarsInLog = 0;
		};
/* End PBXShellScriptBuildPhase section */

/* Begin PBXSourcesBuildPhase section */
		14DDC19121F4B5DD006E01E8 /* Sources */ = {
			isa = PBXSourcesBuildPhase;
			buildActionMask = 2147483647;
			files = (
				14DDC1B621F4B795006E01E8 /* Response.swift in Sources */,
				14E0CC8F2236C607004B1407 /* Configuration.swift in Sources */,
				14DDC1B021F4B711006E01E8 /* Client.swift in Sources */,
				14DDC1B421F4B769006E01E8 /* Request.swift in Sources */,
				14DDC1B221F4B735006E01E8 /* Interceptor.swift in Sources */,
				14847E602212054200478D45 /* Authenticator.swift in Sources */,
			);
			runOnlyForDeploymentPostprocessing = 0;
		};
		14DDC19A21F4B5DD006E01E8 /* Sources */ = {
			isa = PBXSourcesBuildPhase;
			buildActionMask = 2147483647;
			files = (
				1463BA90223E23F800570758 /* RequestProvider.swift in Sources */,
				1463BA94223E262C00570758 /* Logger.swift in Sources */,
				14DDC1A421F4B5DD006E01E8 /* APIClientTests.swift in Sources */,
			);
			runOnlyForDeploymentPostprocessing = 0;
		};
/* End PBXSourcesBuildPhase section */

/* Begin PBXTargetDependency section */
		14DDC1A121F4B5DD006E01E8 /* PBXTargetDependency */ = {
			isa = PBXTargetDependency;
			target = 14DDC19421F4B5DD006E01E8 /* APIClient */;
			targetProxy = 14DDC1A021F4B5DD006E01E8 /* PBXContainerItemProxy */;
		};
/* End PBXTargetDependency section */

/* Begin XCBuildConfiguration section */
		14DDC1A721F4B5DD006E01E8 /* Debug */ = {
			isa = XCBuildConfiguration;
			baseConfigurationReference = 1415324A225A2AB500C74C18 /* Project-Debug.xcconfig */;
			buildSettings = {
			};
			name = Debug;
		};
		14DDC1A821F4B5DD006E01E8 /* Release */ = {
			isa = XCBuildConfiguration;
			baseConfigurationReference = 1415324C225A2AB500C74C18 /* Project-Release.xcconfig */;
			buildSettings = {
			};
			name = Release;
		};
		14DDC1AA21F4B5DD006E01E8 /* Debug */ = {
			isa = XCBuildConfiguration;
			baseConfigurationReference = 14153249225A2AB500C74C18 /* APIClient-Debug.xcconfig */;
			buildSettings = {
			};
			name = Debug;
		};
		14DDC1AB21F4B5DD006E01E8 /* Release */ = {
			isa = XCBuildConfiguration;
			baseConfigurationReference = 1415324B225A2AB500C74C18 /* APIClient-Release.xcconfig */;
			buildSettings = {
			};
			name = Release;
		};
		14DDC1AD21F4B5DD006E01E8 /* Debug */ = {
			isa = XCBuildConfiguration;
			baseConfigurationReference = 302E53B0AF86FC2C69D769FE /* Pods-APIClientTests.debug.xcconfig */;
			buildSettings = {
				CODE_SIGN_STYLE = Automatic;
				DEVELOPMENT_TEAM = 27AEDK3C9F;
				INFOPLIST_FILE = Tests/Info.plist;
				LD_RUNPATH_SEARCH_PATHS = (
					"$(inherited)",
					"@executable_path/Frameworks",
					"@loader_path/Frameworks",
				);
				PRODUCT_BUNDLE_IDENTIFIER = "com.folio-sec.APIClientTests";
				PRODUCT_NAME = "$(TARGET_NAME)";
				SDKROOT = iphoneos;
				SUPPORTED_PLATFORMS = "iphonesimulator iphoneos";
				SWIFT_VERSION = 5.0;
				TARGETED_DEVICE_FAMILY = "1,2";
			};
			name = Debug;
		};
		14DDC1AE21F4B5DD006E01E8 /* Release */ = {
			isa = XCBuildConfiguration;
			baseConfigurationReference = C95844A3A6872810B3BD654F /* Pods-APIClientTests.release.xcconfig */;
			buildSettings = {
				CODE_SIGN_STYLE = Automatic;
				DEVELOPMENT_TEAM = 27AEDK3C9F;
				INFOPLIST_FILE = Tests/Info.plist;
				LD_RUNPATH_SEARCH_PATHS = (
					"$(inherited)",
					"@executable_path/Frameworks",
					"@loader_path/Frameworks",
				);
				PRODUCT_BUNDLE_IDENTIFIER = "com.folio-sec.APIClientTests";
				PRODUCT_NAME = "$(TARGET_NAME)";
				SDKROOT = iphoneos;
				SUPPORTED_PLATFORMS = "iphonesimulator iphoneos";
				SWIFT_VERSION = 5.0;
				TARGETED_DEVICE_FAMILY = "1,2";
			};
			name = Release;
		};
/* End XCBuildConfiguration section */

/* Begin XCConfigurationList section */
		14DDC18F21F4B5DD006E01E8 /* Build configuration list for PBXProject "APIClient" */ = {
			isa = XCConfigurationList;
			buildConfigurations = (
				14DDC1A721F4B5DD006E01E8 /* Debug */,
				14DDC1A821F4B5DD006E01E8 /* Release */,
			);
			defaultConfigurationIsVisible = 0;
			defaultConfigurationName = Release;
		};
		14DDC1A921F4B5DD006E01E8 /* Build configuration list for PBXNativeTarget "APIClient" */ = {
			isa = XCConfigurationList;
			buildConfigurations = (
				14DDC1AA21F4B5DD006E01E8 /* Debug */,
				14DDC1AB21F4B5DD006E01E8 /* Release */,
			);
			defaultConfigurationIsVisible = 0;
			defaultConfigurationName = Release;
		};
		14DDC1AC21F4B5DD006E01E8 /* Build configuration list for PBXNativeTarget "APIClientTests" */ = {
			isa = XCConfigurationList;
			buildConfigurations = (
				14DDC1AD21F4B5DD006E01E8 /* Debug */,
				14DDC1AE21F4B5DD006E01E8 /* Release */,
			);
			defaultConfigurationIsVisible = 0;
			defaultConfigurationName = Release;
		};
/* End XCConfigurationList section */
	};
	rootObject = 14DDC18C21F4B5DD006E01E8 /* Project object */;
}
